
Microsoft Visual Studio Solution File, Format Version 12.00
# Visual Studio Version 17
VisualStudioVersion = 17.12.35514.174
MinimumVisualStudioVersion = 10.0.40219.1
Project("{FAE04EC0-301F-11D3-BF4B-00C04F79EFBC}") = "CapaPresentacion", "CapaPresentacion\CapaPresentacion.csproj", "{77481667-2AEF-421C-BD68-CB9F4611F07A}"
EndProject
Project("{FAE04EC0-301F-11D3-BF4B-00C04F79EFBC}") = "CapaEntidades", "CapaEntidades\CapaEntidades.csproj", "{4725872B-718B-4FF8-A693-2E37CC75FACA}"
EndProject
Project("{FAE04EC0-301F-11D3-BF4B-00C04F79EFBC}") = "CapaNegocio", "CapaNegocio\CapaNegocio.csproj", "{C1BD68DB-FA06-4E38-8140-5172B4F61395}"
EndProject
Global
	GlobalSection(SolutionConfigurationPlatforms) = preSolution
		Debug|Any CPU = Debug|Any CPU
		Release|Any CPU = Release|Any CPU
	EndGlobalSection
	GlobalSection(ProjectConfigurationPlatforms) = postSolution
		{77481667-2AEF-421C-BD68-CB9F4611F07A}.Debug|Any CPU.ActiveCfg = Debug|Any CPU
		{77481667-2AEF-421C-BD68-CB9F4611F07A}.Debug|Any CPU.Build.0 = Debug|Any CPU
		{77481667-2AEF-421C-BD68-CB9F4611F07A}.Release|Any CPU.ActiveCfg = Release|Any CPU
		{77481667-2AEF-421C-BD68-CB9F4611F07A}.Release|Any CPU.Build.0 = Release|Any CPU
		{4725872B-718B-4FF8-A693-2E37CC75FACA}.Debug|Any CPU.ActiveCfg = Debug|Any CPU
		{4725872B-718B-4FF8-A693-2E37CC75FACA}.Debug|Any CPU.Build.0 = Debug|Any CPU
		{4725872B-718B-4FF8-A693-2E37CC75FACA}.Release|Any CPU.ActiveCfg = Release|Any CPU
		{4725872B-718B-4FF8-A693-2E37CC75FACA}.Release|Any CPU.Build.0 = Release|Any CPU
		{C1BD68DB-FA06-4E38-8140-5172B4F61395}.Debug|Any CPU.ActiveCfg = Debug|Any CPU
		{C1BD68DB-FA06-4E38-8140-5172B4F61395}.Debug|Any CPU.Build.0 = Debug|Any CPU
		{C1BD68DB-FA06-4E38-8140-5172B4F61395}.Release|Any CPU.ActiveCfg = Release|Any CPU
		{C1BD68DB-FA06-4E38-8140-5172B4F61395}.Release|Any CPU.Build.0 = Release|Any CPU
	EndGlobalSection
	GlobalSection(SolutionProperties) = preSolution
		HideSolutionNode = FALSE
	EndGlobalSection
EndGlobal
